{
  "name": "storefront",
  "lockfileVersion": 3,
  "requires": true,
  "packages": {
    "": {
      "devDependencies": {
        "swiper": "11.1.4",
        "zoomist": "^2.0.11"
      }
    },
    "node_modules/swiper": {
      "version": "11.1.4",
      "resolved": "https://registry.npmjs.org/swiper/-/swiper-11.1.4.tgz",
      "integrity": "sha512-1n7kbYJB2dFEpUHRFszq7gys/ofIBrMNibwTiMvPHwneKND/t9kImnHt6CfGPScMHgI+dWMbGTycCKGMoOO1KA==",
      "dev": true,
      "funding": [
        {
          "type": "patreon",
          "url": "https://www.patreon.com/swiperjs"
        },
        {
          "type": "open_collective",
          "url": "http://opencollective.com/swiper"
        }
      ],
      "engines": {
        "node": ">= 4.7.0"
      }
    },
    "node_modules/zoomist": {
      "version": "2.0.11",
      "resolved": "https://registry.npmjs.org/zoomist/-/zoomist-2.0.11.tgz",
      "integrity": "sha512-kE2ORk5gjdJq6/gv6xNcGHe6aV6hsVEzRAmXFgYBb5EXdw/8bClO6LYd3BDL4uOba1a94zjLcAXdUY1v/1KEAg==",
      "dev": true
    }
  }
}
